
Microsoft Visual Studio Solution File, Format Version 12.00
# Visual Studio Version 16
VisualStudioVersion = 16.0.30204.135
MinimumVisualStudioVersion = 10.0.40219.1
Project("{FAE04EC0-301F-11D3-BF4B-00C04F79EFBC}") = "Walterlv.Issues.PerMonitorDpiForTouch", "Walterlv.Issues.PerMonitorDpiForTouch\Walterlv.Issues.PerMonitorDpiForTouch.csproj", "{70C02078-51C6-4807-AF4C-54DAE849C9B3}"
EndProject
Global
	GlobalSection(SolutionConfigurationPlatforms) = preSolution
		Debug|Any CPU = Debug|Any CPU
		Release|Any CPU = Release|Any CPU
	EndGlobalSection
	GlobalSection(ProjectConfigurationPlatforms) = postSolution
		{70C02078-51C6-4807-AF4C-54DAE849C9B3}.Debug|Any CPU.ActiveCfg = Debug|Any CPU
		{70C02078-51C6-4807-AF4C-54DAE849C9B3}.Debug|Any CPU.Build.0 = Debug|Any CPU
		{70C02078-51C6-4807-AF4C-54DAE849C9B3}.Release|Any CPU.ActiveCfg = Release|Any CPU
		{70C02078-51C6-4807-AF4C-54DAE849C9B3}.Release|Any CPU.Build.0 = Release|Any CPU
	EndGlobalSection
	GlobalSection(SolutionProperties) = preSolution
		HideSolutionNode = FALSE
	EndGlobalSection
	GlobalSection(ExtensibilityGlobals) = postSolution
		SolutionGuid = {5AF2F5D3-8056-409C-818C-3DCCE6A11C63}
	EndGlobalSection
EndGlobal
